
Microsoft Visual Studio Solution File, Format Version 12.00
# Visual Studio Version 17
VisualStudioVersion = 17.0.31903.59
MinimumVisualStudioVersion = 10.0.40219.1
Project("{FAE04EC0-301F-11D3-BF4B-00C04F79EFBC}") = "Domain", "Domain\Domain.csproj", "{C0A3F130-1C49-4CA3-9796-5FD1C80CA972}"
EndProject
Project("{FAE04EC0-301F-11D3-BF4B-00C04F79EFBC}") = "Infrastructure", "Infrastructure\Infrastructure.csproj", "{2F7CAA36-8189-4C2F-92BC-96A0C5EF8D35}"
EndProject
Project("{FAE04EC0-301F-11D3-BF4B-00C04F79EFBC}") = "WebApi", "WebApi\WebApi.csproj", "{90900EF4-05FE-4411-B6B5-E8B19C97831F}"
EndProject
Global
	GlobalSection(SolutionConfigurationPlatforms) = preSolution
		Debug|Any CPU = Debug|Any CPU
		Release|Any CPU = Release|Any CPU
	EndGlobalSection
	GlobalSection(SolutionProperties) = preSolution
		HideSolutionNode = FALSE
	EndGlobalSection
	GlobalSection(ProjectConfigurationPlatforms) = postSolution
		{C0A3F130-1C49-4CA3-9796-5FD1C80CA972}.Debug|Any CPU.ActiveCfg = Debug|Any CPU
		{C0A3F130-1C49-4CA3-9796-5FD1C80CA972}.Debug|Any CPU.Build.0 = Debug|Any CPU
		{C0A3F130-1C49-4CA3-9796-5FD1C80CA972}.Release|Any CPU.ActiveCfg = Release|Any CPU
		{C0A3F130-1C49-4CA3-9796-5FD1C80CA972}.Release|Any CPU.Build.0 = Release|Any CPU
		{2F7CAA36-8189-4C2F-92BC-96A0C5EF8D35}.Debug|Any CPU.ActiveCfg = Debug|Any CPU
		{2F7CAA36-8189-4C2F-92BC-96A0C5EF8D35}.Debug|Any CPU.Build.0 = Debug|Any CPU
		{2F7CAA36-8189-4C2F-92BC-96A0C5EF8D35}.Release|Any CPU.ActiveCfg = Release|Any CPU
		{2F7CAA36-8189-4C2F-92BC-96A0C5EF8D35}.Release|Any CPU.Build.0 = Release|Any CPU
		{90900EF4-05FE-4411-B6B5-E8B19C97831F}.Debug|Any CPU.ActiveCfg = Debug|Any CPU
		{90900EF4-05FE-4411-B6B5-E8B19C97831F}.Debug|Any CPU.Build.0 = Debug|Any CPU
		{90900EF4-05FE-4411-B6B5-E8B19C97831F}.Release|Any CPU.ActiveCfg = Release|Any CPU
		{90900EF4-05FE-4411-B6B5-E8B19C97831F}.Release|Any CPU.Build.0 = Release|Any CPU
	EndGlobalSection
EndGlobal
